
Microsoft Visual Studio Solution File, Format Version 11.00
# Visual Studio 2010
Project("{FAE04EC0-301F-11D3-BF4B-00C04F79EFBC}") = "EDResearch_Unity", "Assembly-CSharp.csproj", "{2BE89300-7DB2-E7C2-B29B-221590BFF66E}"
EndProject
Global
	GlobalSection(SolutionConfigurationPlatforms) = preSolution
		Debug|Any CPU = Debug|Any CPU
		Release|Any CPU = Release|Any CPU
	EndGlobalSection
	GlobalSection(ProjectConfigurationPlatforms) = postSolution
		{2BE89300-7DB2-E7C2-B29B-221590BFF66E}.Debug|Any CPU.ActiveCfg = Debug|Any CPU
		{2BE89300-7DB2-E7C2-B29B-221590BFF66E}.Debug|Any CPU.Build.0 = Debug|Any CPU
		{2BE89300-7DB2-E7C2-B29B-221590BFF66E}.Release|Any CPU.ActiveCfg = Release|Any CPU
		{2BE89300-7DB2-E7C2-B29B-221590BFF66E}.Release|Any CPU.Build.0 = Release|Any CPU
	EndGlobalSection
	GlobalSection(SolutionProperties) = preSolution
		HideSolutionNode = FALSE
	EndGlobalSection
	GlobalSection(MonoDevelopProperties) = preSolution
		StartupItem = Assembly-CSharp.csproj
	EndGlobalSection
EndGlobal
